hash: c0e732d761b39bf1e2c5f302763150d16f58b669f1a7d433ccb0fd120d62344a
updated: 2017-06-06T17:25:02.489998868-07:00
imports:
- name: github.com/dyweb/gommon
  version: 8ca50631c052f4dd995c69ee35bda0fb79a1e0bf
  vcs: git
  subpackages:
  - log
  - requests
  - structure
- name: github.com/go-kit/kit
  version: fadad6fffe0466b19df9efd9acde5c9a52df5fa4
  vcs: git
  subpackages:
  - endpoint
  - log
  - transport/http
- name: github.com/go-logfmt/logfmt
  version: 390ab7935ee28ec6b286364bba9b4dd6410cb3d5
- name: github.com/go-stack/stack
  version: 7a2f19628aabfe68f0766b59e74d6315f8347d22
- name: github.com/gocql/gocql
  version: 4d2d1ac71932f7c4a6c7feb0d654462e4116c58b
  vcs: git
  subpackages:
  - internal/lru
  - internal/murmur
  - internal/streams
- name: github.com/gogo/protobuf
  version: 9df9efe4c742f1a2bfdedf1c3b6902fc6e814c6b
  vcs: git
  subpackages:
  - gogoproto
  - proto
  - protoc-gen-gogo/descriptor
- name: github.com/golang/protobuf
  version: 5a0f697c9ed9d68fef0116532c6e05cfeae00e55
  subpackages:
  - proto
  - protoc-gen-go/descriptor
  - ptypes/any
- name: github.com/golang/snappy
  version: d9eb7a3d35ec988b8585d4a0068e462c27d28380
- name: github.com/hailocab/go-hostpool
  version: e80d13ce29ede4452c43dea11e79b9bc8a15b478
- name: github.com/inconshreveable/mousetrap
  version: 76626ae9c91c4f2a10f34cad8ce83ea42c93bb75
- name: github.com/kr/logfmt
  version: b84e30acd515aadc4b783ad4ff83aff3299bdfe0
- name: github.com/pkg/errors
  version: 645ef00459ed84a119197bfb8d8205042c6df63d
  vcs: git
- name: github.com/spf13/cobra
  version: 6ed17b5128e8932c9ecd4c3970e8ea5e60a418ac
  vcs: git
- name: github.com/spf13/pflag
  version: e57e3eeb33f795204c1ca35f56c44f83227c6e66
- name: golang.org/x/net
  version: 7dcfb8076726a3fdd9353b6b8a1f1b6be6811bd6
  subpackages:
  - context
  - context/ctxhttp
  - http2
  - http2/hpack
  - idna
  - internal/timeseries
  - lex/httplex
  - trace
- name: golang.org/x/text
  version: ab6d1c143672de99b9dfde433b7f6affb278cc74
  subpackages:
  - secure/bidirule
  - transform
  - unicode/bidi
  - unicode/norm
- name: google.golang.org/genproto
  version: aa2eb687b4d3e17154372564ad8d6bf11c3cf21f
  subpackages:
  - googleapis/rpc/status
- name: google.golang.org/grpc
  version: d2a85bf7ad299df70daee28117f707025bddac22
  subpackages:
  - codes
  - credentials
  - grpclb/grpc_lb_v1
  - grpclog
  - internal
  - keepalive
  - metadata
  - naming
  - peer
  - reflection
  - reflection/grpc_reflection_v1alpha
  - stats
  - status
  - tap
  - transport
- name: gopkg.in/inf.v0
  version: 3887ee99ecf07df5b447e9b00d9c0b2adaa9f3e4
testImports:
- name: github.com/davecgh/go-spew
  version: 04cdfd42973bb9c8589fd6a731800cf222fde1a9
  subpackages:
  - spew
- name: github.com/pmezard/go-difflib
  version: d8ed2627bdf02c080bf22230dbb337003b7aba2d
  subpackages:
  - difflib
- name: github.com/stretchr/testify
  version: 2402e8e7a02fc811447d11f881aa9746cdc57983
  vcs: git
  subpackages:
  - assert
